
Microsoft Visual Studio Solution File, Format Version 12.00
# Visual Studio Version 16
VisualStudioVersion = 16.0.30114.105
MinimumVisualStudioVersion = 10.0.40219.1
Project("{FAE04EC0-301F-11D3-BF4B-00C04F79EFBC}") = "R5T.D0077.A001", "R5T.D0077.A001\R5T.D0077.A001.csproj", "{2B8E2A3D-BEB5-49ED-AACE-B63B8571593A}"
EndProject
Project("{FAE04EC0-301F-11D3-BF4B-00C04F79EFBC}") = "R5T.D0077.A002", "R5T.D0077.A002\R5T.D0077.A002.csproj", "{15DD82B2-6190-4D64-AFE2-D667CD3406FC}"
EndProject
Project("{FAE04EC0-301F-11D3-BF4B-00C04F79EFBC}") = "R5T.D0077.Base", "R5T.D0077.Base\R5T.D0077.Base.csproj", "{56E3DEF7-2B52-4DE2-868E-A94A738D031C}"
EndProject
Project("{FAE04EC0-301F-11D3-BF4B-00C04F79EFBC}") = "R5T.D0077.Configuration", "R5T.D0077.Configuration\R5T.D0077.Configuration.csproj", "{94C47B16-9BBE-477A-8F23-95211973CA2D}"
EndProject
Project("{FAE04EC0-301F-11D3-BF4B-00C04F79EFBC}") = "R5T.D0077.Construction", "R5T.D0077.Construction\R5T.D0077.Construction.csproj", "{019FB4DE-2476-4089-8FB1-086719CA234F}"
EndProject
Project("{FAE04EC0-301F-11D3-BF4B-00C04F79EFBC}") = "R5T.D0077.Default", "R5T.D0077.Default\R5T.D0077.Default.csproj", "{7EE28CD1-D33E-4D6B-808B-F5496783AD14}"
EndProject
Project("{FAE04EC0-301F-11D3-BF4B-00C04F79EFBC}") = "R5T.D0077.Default.I001", "R5T.D0077.Default.I001\R5T.D0077.Default.I001.csproj", "{672FA9D6-421C-4662-BE64-BA368F2BE2FA}"
EndProject
Project("{FAE04EC0-301F-11D3-BF4B-00C04F79EFBC}") = "R5T.D0077.New", "R5T.D0077.New\R5T.D0077.New.csproj", "{46E31E29-7999-414A-BE2E-EC06858015A6}"
EndProject
Project("{FAE04EC0-301F-11D3-BF4B-00C04F79EFBC}") = "R5T.D0077.X001", "R5T.D0077.X001\R5T.D0077.X001.csproj", "{86582AEA-028F-4AD0-AE4F-34C1C61AD904}"
EndProject
Global
	GlobalSection(SolutionConfigurationPlatforms) = preSolution
		Debug|Any CPU = Debug|Any CPU
		Debug|x64 = Debug|x64
		Debug|x86 = Debug|x86
		Release|Any CPU = Release|Any CPU
		Release|x64 = Release|x64
		Release|x86 = Release|x86
	EndGlobalSection
	GlobalSection(SolutionProperties) = preSolution
		HideSolutionNode = FALSE
	EndGlobalSection
	GlobalSection(ProjectConfigurationPlatforms) = postSolution
		{2B8E2A3D-BEB5-49ED-AACE-B63B8571593A}.Debug|Any CPU.ActiveCfg = Debug|Any CPU
		{2B8E2A3D-BEB5-49ED-AACE-B63B8571593A}.Debug|Any CPU.Build.0 = Debug|Any CPU
		{2B8E2A3D-BEB5-49ED-AACE-B63B8571593A}.Debug|x64.ActiveCfg = Debug|Any CPU
		{2B8E2A3D-BEB5-49ED-AACE-B63B8571593A}.Debug|x64.Build.0 = Debug|Any CPU
		{2B8E2A3D-BEB5-49ED-AACE-B63B8571593A}.Debug|x86.ActiveCfg = Debug|Any CPU
		{2B8E2A3D-BEB5-49ED-AACE-B63B8571593A}.Debug|x86.Build.0 = Debug|Any CPU
		{2B8E2A3D-BEB5-49ED-AACE-B63B8571593A}.Release|Any CPU.ActiveCfg = Release|Any CPU
		{2B8E2A3D-BEB5-49ED-AACE-B63B8571593A}.Release|Any CPU.Build.0 = Release|Any CPU
		{2B8E2A3D-BEB5-49ED-AACE-B63B8571593A}.Release|x64.ActiveCfg = Release|Any CPU
		{2B8E2A3D-BEB5-49ED-AACE-B63B8571593A}.Release|x64.Build.0 = Release|Any CPU
		{2B8E2A3D-BEB5-49ED-AACE-B63B8571593A}.Release|x86.ActiveCfg = Release|Any CPU
		{2B8E2A3D-BEB5-49ED-AACE-B63B8571593A}.Release|x86.Build.0 = Release|Any CPU
		{15DD82B2-6190-4D64-AFE2-D667CD3406FC}.Debug|Any CPU.ActiveCfg = Debug|Any CPU
		{15DD82B2-6190-4D64-AFE2-D667CD3406FC}.Debug|Any CPU.Build.0 = Debug|Any CPU
		{15DD82B2-6190-4D64-AFE2-D667CD3406FC}.Debug|x64.ActiveCfg = Debug|Any CPU
		{15DD82B2-6190-4D64-AFE2-D667CD3406FC}.Debug|x64.Build.0 = Debug|Any CPU
		{15DD82B2-6190-4D64-AFE2-D667CD3406FC}.Debug|x86.ActiveCfg = Debug|Any CPU
		{15DD82B2-6190-4D64-AFE2-D667CD3406FC}.Debug|x86.Build.0 = Debug|Any CPU
		{15DD82B2-6190-4D64-AFE2-D667CD3406FC}.Release|Any CPU.ActiveCfg = Release|Any CPU
		{15DD82B2-6190-4D64-AFE2-D667CD3406FC}.Release|Any CPU.Build.0 = Release|Any CPU
		{15DD82B2-6190-4D64-AFE2-D667CD3406FC}.Release|x64.ActiveCfg = Release|Any CPU
		{15DD82B2-6190-4D64-AFE2-D667CD3406FC}.Release|x64.Build.0 = Release|Any CPU
		{15DD82B2-6190-4D64-AFE2-D667CD3406FC}.Release|x86.ActiveCfg = Release|Any CPU
		{15DD82B2-6190-4D64-AFE2-D667CD3406FC}.Release|x86.Build.0 = Release|Any CPU
		{56E3DEF7-2B52-4DE2-868E-A94A738D031C}.Debug|Any CPU.ActiveCfg = Debug|Any CPU
		{56E3DEF7-2B52-4DE2-868E-A94A738D031C}.Debug|Any CPU.Build.0 = Debug|Any CPU
		{56E3DEF7-2B52-4DE2-868E-A94A738D031C}.Debug|x64.ActiveCfg = Debug|Any CPU
		{56E3DEF7-2B52-4DE2-868E-A94A738D031C}.Debug|x64.Build.0 = Debug|Any CPU
		{56E3DEF7-2B52-4DE2-868E-A94A738D031C}.Debug|x86.ActiveCfg = Debug|Any CPU
		{56E3DEF7-2B52-4DE2-868E-A94A738D031C}.Debug|x86.Build.0 = Debug|Any CPU
		{56E3DEF7-2B52-4DE2-868E-A94A738D031C}.Release|Any CPU.ActiveCfg = Release|Any CPU
		{56E3DEF7-2B52-4DE2-868E-A94A738D031C}.Release|Any CPU.Build.0 = Release|Any CPU
		{56E3DEF7-2B52-4DE2-868E-A94A738D031C}.Release|x64.ActiveCfg = Release|Any CPU
		{56E3DEF7-2B52-4DE2-868E-A94A738D031C}.Release|x64.Build.0 = Release|Any CPU
		{56E3DEF7-2B52-4DE2-868E-A94A738D031C}.Release|x86.ActiveCfg = Release|Any CPU
		{56E3DEF7-2B52-4DE2-868E-A94A738D031C}.Release|x86.Build.0 = Release|Any CPU
		{94C47B16-9BBE-477A-8F23-95211973CA2D}.Debug|Any CPU.ActiveCfg = Debug|Any CPU
		{94C47B16-9BBE-477A-8F23-95211973CA2D}.Debug|Any CPU.Build.0 = Debug|Any CPU
		{94C47B16-9BBE-477A-8F23-95211973CA2D}.Debug|x64.ActiveCfg = Debug|Any CPU
		{94C47B16-9BBE-477A-8F23-95211973CA2D}.Debug|x64.Build.0 = Debug|Any CPU
		{94C47B16-9BBE-477A-8F23-95211973CA2D}.Debug|x86.ActiveCfg = Debug|Any CPU
		{94C47B16-9BBE-477A-8F23-95211973CA2D}.Debug|x86.Build.0 = Debug|Any CPU
		{94C47B16-9BBE-477A-8F23-95211973CA2D}.Release|Any CPU.ActiveCfg = Release|Any CPU
		{94C47B16-9BBE-477A-8F23-95211973CA2D}.Release|Any CPU.Build.0 = Release|Any CPU
		{94C47B16-9BBE-477A-8F23-95211973CA2D}.Release|x64.ActiveCfg = Release|Any CPU
		{94C47B16-9BBE-477A-8F23-95211973CA2D}.Release|x64.Build.0 = Release|Any CPU
		{94C47B16-9BBE-477A-8F23-95211973CA2D}.Release|x86.ActiveCfg = Release|Any CPU
		{94C47B16-9BBE-477A-8F23-95211973CA2D}.Release|x86.Build.0 = Release|Any CPU
		{019FB4DE-2476-4089-8FB1-086719CA234F}.Debug|Any CPU.ActiveCfg = Debug|Any CPU
		{019FB4DE-2476-4089-8FB1-086719CA234F}.Debug|Any CPU.Build.0 = Debug|Any CPU
		{019FB4DE-2476-4089-8FB1-086719CA234F}.Debug|x64.ActiveCfg = Debug|Any CPU
		{019FB4DE-2476-4089-8FB1-086719CA234F}.Debug|x64.Build.0 = Debug|Any CPU
		{019FB4DE-2476-4089-8FB1-086719CA234F}.Debug|x86.ActiveCfg = Debug|Any CPU
		{019FB4DE-2476-4089-8FB1-086719CA234F}.Debug|x86.Build.0 = Debug|Any CPU
		{019FB4DE-2476-4089-8FB1-086719CA234F}.Release|Any CPU.ActiveCfg = Release|Any CPU
		{019FB4DE-2476-4089-8FB1-086719CA234F}.Release|Any CPU.Build.0 = Release|Any CPU
		{019FB4DE-2476-4089-8FB1-086719CA234F}.Release|x64.ActiveCfg = Release|Any CPU
		{019FB4DE-2476-4089-8FB1-086719CA234F}.Release|x64.Build.0 = Release|Any CPU
		{019FB4DE-2476-4089-8FB1-086719CA234F}.Release|x86.ActiveCfg = Release|Any CPU
		{019FB4DE-2476-4089-8FB1-086719CA234F}.Release|x86.Build.0 = Release|Any CPU
		{7EE28CD1-D33E-4D6B-808B-F5496783AD14}.Debug|Any CPU.ActiveCfg = Debug|Any CPU
		{7EE28CD1-D33E-4D6B-808B-F5496783AD14}.Debug|Any CPU.Build.0 = Debug|Any CPU
		{7EE28CD1-D33E-4D6B-808B-F5496783AD14}.Debug|x64.ActiveCfg = Debug|Any CPU
		{7EE28CD1-D33E-4D6B-808B-F5496783AD14}.Debug|x64.Build.0 = Debug|Any CPU
		{7EE28CD1-D33E-4D6B-808B-F5496783AD14}.Debug|x86.ActiveCfg = Debug|Any CPU
		{7EE28CD1-D33E-4D6B-808B-F5496783AD14}.Debug|x86.Build.0 = Debug|Any CPU
		{7EE28CD1-D33E-4D6B-808B-F5496783AD14}.Release|Any CPU.ActiveCfg = Release|Any CPU
		{7EE28CD1-D33E-4D6B-808B-F5496783AD14}.Release|Any CPU.Build.0 = Release|Any CPU
		{7EE28CD1-D33E-4D6B-808B-F5496783AD14}.Release|x64.ActiveCfg = Release|Any CPU
		{7EE28CD1-D33E-4D6B-808B-F5496783AD14}.Release|x64.Build.0 = Release|Any CPU
		{7EE28CD1-D33E-4D6B-808B-F5496783AD14}.Release|x86.ActiveCfg = Release|Any CPU
		{7EE28CD1-D33E-4D6B-808B-F5496783AD14}.Release|x86.Build.0 = Release|Any CPU
		{672FA9D6-421C-4662-BE64-BA368F2BE2FA}.Debug|Any CPU.ActiveCfg = Debug|Any CPU
		{672FA9D6-421C-4662-BE64-BA368F2BE2FA}.Debug|Any CPU.Build.0 = Debug|Any CPU
		{672FA9D6-421C-4662-BE64-BA368F2BE2FA}.Debug|x64.ActiveCfg = Debug|Any CPU
		{672FA9D6-421C-4662-BE64-BA368F2BE2FA}.Debug|x64.Build.0 = Debug|Any CPU
		{672FA9D6-421C-4662-BE64-BA368F2BE2FA}.Debug|x86.ActiveCfg = Debug|Any CPU
		{672FA9D6-421C-4662-BE64-BA368F2BE2FA}.Debug|x86.Build.0 = Debug|Any CPU
		{672FA9D6-421C-4662-BE64-BA368F2BE2FA}.Release|Any CPU.ActiveCfg = Release|Any CPU
		{672FA9D6-421C-4662-BE64-BA368F2BE2FA}.Release|Any CPU.Build.0 = Release|Any CPU
		{672FA9D6-421C-4662-BE64-BA368F2BE2FA}.Release|x64.ActiveCfg = Release|Any CPU
		{672FA9D6-421C-4662-BE64-BA368F2BE2FA}.Release|x64.Build.0 = Release|Any CPU
		{672FA9D6-421C-4662-BE64-BA368F2BE2FA}.Release|x86.ActiveCfg = Release|Any CPU
		{672FA9D6-421C-4662-BE64-BA368F2BE2FA}.Release|x86.Build.0 = Release|Any CPU
		{46E31E29-7999-414A-BE2E-EC06858015A6}.Debug|Any CPU.ActiveCfg = Debug|Any CPU
		{46E31E29-7999-414A-BE2E-EC06858015A6}.Debug|Any CPU.Build.0 = Debug|Any CPU
		{46E31E29-7999-414A-BE2E-EC06858015A6}.Debug|x64.ActiveCfg = Debug|Any CPU
		{46E31E29-7999-414A-BE2E-EC06858015A6}.Debug|x64.Build.0 = Debug|Any CPU
		{46E31E29-7999-414A-BE2E-EC06858015A6}.Debug|x86.ActiveCfg = Debug|Any CPU
		{46E31E29-7999-414A-BE2E-EC06858015A6}.Debug|x86.Build.0 = Debug|Any CPU
		{46E31E29-7999-414A-BE2E-EC06858015A6}.Release|Any CPU.ActiveCfg = Release|Any CPU
		{46E31E29-7999-414A-BE2E-EC06858015A6}.Release|Any CPU.Build.0 = Release|Any CPU
		{46E31E29-7999-414A-BE2E-EC06858015A6}.Release|x64.ActiveCfg = Release|Any CPU
		{46E31E29-7999-414A-BE2E-EC06858015A6}.Release|x64.Build.0 = Release|Any CPU
		{46E31E29-7999-414A-BE2E-EC06858015A6}.Release|x86.ActiveCfg = Release|Any CPU
		{46E31E29-7999-414A-BE2E-EC06858015A6}.Release|x86.Build.0 = Release|Any CPU
		{86582AEA-028F-4AD0-AE4F-34C1C61AD904}.Debug|Any CPU.ActiveCfg = Debug|Any CPU
		{86582AEA-028F-4AD0-AE4F-34C1C61AD904}.Debug|Any CPU.Build.0 = Debug|Any CPU
		{86582AEA-028F-4AD0-AE4F-34C1C61AD904}.Debug|x64.ActiveCfg = Debug|Any CPU
		{86582AEA-028F-4AD0-AE4F-34C1C61AD904}.Debug|x64.Build.0 = Debug|Any CPU
		{86582AEA-028F-4AD0-AE4F-34C1C61AD904}.Debug|x86.ActiveCfg = Debug|Any CPU
		{86582AEA-028F-4AD0-AE4F-34C1C61AD904}.Debug|x86.Build.0 = Debug|Any CPU
		{86582AEA-028F-4AD0-AE4F-34C1C61AD904}.Release|Any CPU.ActiveCfg = Release|Any CPU
		{86582AEA-028F-4AD0-AE4F-34C1C61AD904}.Release|Any CPU.Build.0 = Release|Any CPU
		{86582AEA-028F-4AD0-AE4F-34C1C61AD904}.Release|x64.ActiveCfg = Release|Any CPU
		{86582AEA-028F-4AD0-AE4F-34C1C61AD904}.Release|x64.Build.0 = Release|Any CPU
		{86582AEA-028F-4AD0-AE4F-34C1C61AD904}.Release|x86.ActiveCfg = Release|Any CPU
		{86582AEA-028F-4AD0-AE4F-34C1C61AD904}.Release|x86.Build.0 = Release|Any CPU
	EndGlobalSection
EndGlobal
