
Microsoft Visual Studio Solution File, Format Version 12.00
# Visual Studio Version 16
VisualStudioVersion = 16.6.30114.105
MinimumVisualStudioVersion = 10.0.40219.1
Project("{9A19103F-16F7-4668-BE54-9A1E7A4F7556}") = "R5T.D0077.Construction", "R5T.D0077.Construction\R5T.D0077.Construction.csproj", "{958398ED-AB59-4F66-88B3-8070B93D70D7}"
EndProject
Project("{9A19103F-16F7-4668-BE54-9A1E7A4F7556}") = "R5T.D0077.Base", "R5T.D0077.Base\R5T.D0077.Base.csproj", "{30C1E19B-8FE6-4433-9703-EA03CDEC74A8}"
EndProject
Project("{9A19103F-16F7-4668-BE54-9A1E7A4F7556}") = "R5T.D0077.Default", "R5T.D0077.Default\R5T.D0077.Default.csproj", "{A9D459E4-6522-4854-9905-8F8877E22764}"
EndProject
Project("{2150E333-8FDC-42A3-9474-1A3956D46DE8}") = "_Dependencies", "_Dependencies", "{C372191B-855D-4611-BC61-3A2DC6378CDF}"
EndProject
Project("{9A19103F-16F7-4668-BE54-9A1E7A4F7556}") = "R5T.Dacia", "..\..\R5T.Dacia\source\R5T.Dacia\R5T.Dacia.csproj", "{4D476D48-F909-4EBD-9485-575B40B2E43C}"
EndProject
Project("{9A19103F-16F7-4668-BE54-9A1E7A4F7556}") = "R5T.Dacia.Extensions", "..\..\R5T.Dacia.Extensions\source\R5T.Dacia.Extensions\R5T.Dacia.Extensions.csproj", "{71AD91EB-1245-4E83-975B-2D13B3C54786}"
EndProject
Project("{9A19103F-16F7-4668-BE54-9A1E7A4F7556}") = "R5T.D0076.Base", "..\..\R5T.D0076\source\R5T.D0076.Base\R5T.D0076.Base.csproj", "{FE1B1211-A329-41DA-9C6B-F10C9E5A29B1}"
EndProject
Project("{9A19103F-16F7-4668-BE54-9A1E7A4F7556}") = "R5T.D0077.New", "R5T.D0077.New\R5T.D0077.New.csproj", "{F363A926-4E0B-470A-B1F1-760478BC6566}"
EndProject
Project("{9A19103F-16F7-4668-BE54-9A1E7A4F7556}") = "R5T.T0029.Dotnet.New", "..\..\R5T.T0029.Dotnet\source\R5T.T0029.Dotnet.New\R5T.T0029.Dotnet.New.csproj", "{2A9EA220-A028-4CB7-8A39-FFAB041F0E7C}"
EndProject
Project("{9A19103F-16F7-4668-BE54-9A1E7A4F7556}") = "R5T.Magyar", "..\..\R5T.Magyar\source\R5T.Magyar\R5T.Magyar.csproj", "{FD5ADBC8-34CD-4A06-AE01-CFC7D520A810}"
EndProject
Project("{9A19103F-16F7-4668-BE54-9A1E7A4F7556}") = "R5T.T0028.X001", "..\..\R5T.T0028\source\R5T.T0028.X001\R5T.T0028.X001.csproj", "{29143025-4B2B-4332-9214-79EF3B6A5CA7}"
EndProject
Project("{9A19103F-16F7-4668-BE54-9A1E7A4F7556}") = "R5T.T0028.Abstractions", "..\..\R5T.T0028\source\R5T.T0028.Abstractions\R5T.T0028.Abstractions.csproj", "{3EE2F0A5-541C-4F2C-BF3F-6B4C86B2094F}"
EndProject
Project("{9A19103F-16F7-4668-BE54-9A1E7A4F7556}") = "R5T.T0029.Abstractions", "..\..\R5T.T0029\source\R5T.T0029.Abstractions\R5T.T0029.Abstractions.csproj", "{60F5B8A6-05DB-40CF-AFB6-F79C74380B5D}"
EndProject
Project("{9A19103F-16F7-4668-BE54-9A1E7A4F7556}") = "R5T.T0029.Dotnet", "..\..\R5T.T0029.Dotnet\source\R5T.T0029.Dotnet\R5T.T0029.Dotnet.csproj", "{D9CF4D5A-4C42-4F44-A436-478297ED27FF}"
EndProject
Project("{9A19103F-16F7-4668-BE54-9A1E7A4F7556}") = "R5T.T0029", "..\..\R5T.T0029\source\R5T.T0029\R5T.T0029.csproj", "{063147AD-1099-4308-A5E0-7F182A0F92DA}"
EndProject
Project("{FAE04EC0-301F-11D3-BF4B-00C04F79EFBC}") = "R5T.D0077.Configuration", "R5T.D0077.Configuration\R5T.D0077.Configuration.csproj", "{5C2BBC0B-73BB-4AE8-BEDA-69955637D996}"
EndProject
Project("{9A19103F-16F7-4668-BE54-9A1E7A4F7556}") = "R5T.T0027.Configuration.SecretsFilePaths", "..\..\R5T.T0027\source\R5T.T0027.Configuration.SecretsFilePaths\R5T.T0027.Configuration.SecretsFilePaths.csproj", "{2C1CCAC7-E557-4522-BCBA-5BAACCDE5590}"
EndProject
Project("{9A19103F-16F7-4668-BE54-9A1E7A4F7556}") = "R5T.T0021", "..\..\R5T.T0021\source\R5T.T0021\R5T.T0021.csproj", "{3DB1ED03-1150-4DCA-8305-31A89D03C946}"
EndProject
Project("{9A19103F-16F7-4668-BE54-9A1E7A4F7556}") = "R5T.T0022", "..\..\R5T.T0022\source\R5T.T0022\R5T.T0022.csproj", "{0C937504-F905-4DC5-B6E6-45A5C7560DE7}"
EndProject
Project("{FAE04EC0-301F-11D3-BF4B-00C04F79EFBC}") = "R5T.D0077.A001", "R5T.D0077.A001\R5T.D0077.A001.csproj", "{917C59C8-974C-4122-BC57-6C853F36F472}"
EndProject
Project("{9A19103F-16F7-4668-BE54-9A1E7A4F7556}") = "R5T.D0076.A001", "..\..\R5T.D0076\source\R5T.D0076.A001\R5T.D0076.A001.csproj", "{63DAAAE0-8018-42FF-A3FE-EB1B4F775260}"
EndProject
Project("{FAE04EC0-301F-11D3-BF4B-00C04F79EFBC}") = "R5T.T0064", "..\..\R5T.T0064\source\R5T.T0064\R5T.T0064.csproj", "{126B6954-9425-4666-AFB5-B5C1AAF678DB}"
EndProject
Global
	GlobalSection(SolutionConfigurationPlatforms) = preSolution
		Debug|Any CPU = Debug|Any CPU
		Debug|x64 = Debug|x64
		Debug|x86 = Debug|x86
		Release|Any CPU = Release|Any CPU
		Release|x64 = Release|x64
		Release|x86 = Release|x86
	EndGlobalSection
	GlobalSection(ProjectConfigurationPlatforms) = postSolution
		{958398ED-AB59-4F66-88B3-8070B93D70D7}.Debug|Any CPU.ActiveCfg = Debug|Any CPU
		{958398ED-AB59-4F66-88B3-8070B93D70D7}.Debug|Any CPU.Build.0 = Debug|Any CPU
		{958398ED-AB59-4F66-88B3-8070B93D70D7}.Debug|x64.ActiveCfg = Debug|Any CPU
		{958398ED-AB59-4F66-88B3-8070B93D70D7}.Debug|x64.Build.0 = Debug|Any CPU
		{958398ED-AB59-4F66-88B3-8070B93D70D7}.Debug|x86.ActiveCfg = Debug|Any CPU
		{958398ED-AB59-4F66-88B3-8070B93D70D7}.Debug|x86.Build.0 = Debug|Any CPU
		{958398ED-AB59-4F66-88B3-8070B93D70D7}.Release|Any CPU.ActiveCfg = Release|Any CPU
		{958398ED-AB59-4F66-88B3-8070B93D70D7}.Release|Any CPU.Build.0 = Release|Any CPU
		{958398ED-AB59-4F66-88B3-8070B93D70D7}.Release|x64.ActiveCfg = Release|Any CPU
		{958398ED-AB59-4F66-88B3-8070B93D70D7}.Release|x64.Build.0 = Release|Any CPU
		{958398ED-AB59-4F66-88B3-8070B93D70D7}.Release|x86.ActiveCfg = Release|Any CPU
		{958398ED-AB59-4F66-88B3-8070B93D70D7}.Release|x86.Build.0 = Release|Any CPU
		{30C1E19B-8FE6-4433-9703-EA03CDEC74A8}.Debug|Any CPU.ActiveCfg = Debug|Any CPU
		{30C1E19B-8FE6-4433-9703-EA03CDEC74A8}.Debug|Any CPU.Build.0 = Debug|Any CPU
		{30C1E19B-8FE6-4433-9703-EA03CDEC74A8}.Debug|x64.ActiveCfg = Debug|Any CPU
		{30C1E19B-8FE6-4433-9703-EA03CDEC74A8}.Debug|x64.Build.0 = Debug|Any CPU
		{30C1E19B-8FE6-4433-9703-EA03CDEC74A8}.Debug|x86.ActiveCfg = Debug|Any CPU
		{30C1E19B-8FE6-4433-9703-EA03CDEC74A8}.Debug|x86.Build.0 = Debug|Any CPU
		{30C1E19B-8FE6-4433-9703-EA03CDEC74A8}.Release|Any CPU.ActiveCfg = Release|Any CPU
		{30C1E19B-8FE6-4433-9703-EA03CDEC74A8}.Release|Any CPU.Build.0 = Release|Any CPU
		{30C1E19B-8FE6-4433-9703-EA03CDEC74A8}.Release|x64.ActiveCfg = Release|Any CPU
		{30C1E19B-8FE6-4433-9703-EA03CDEC74A8}.Release|x64.Build.0 = Release|Any CPU
		{30C1E19B-8FE6-4433-9703-EA03CDEC74A8}.Release|x86.ActiveCfg = Release|Any CPU
		{30C1E19B-8FE6-4433-9703-EA03CDEC74A8}.Release|x86.Build.0 = Release|Any CPU
		{A9D459E4-6522-4854-9905-8F8877E22764}.Debug|Any CPU.ActiveCfg = Debug|Any CPU
		{A9D459E4-6522-4854-9905-8F8877E22764}.Debug|Any CPU.Build.0 = Debug|Any CPU
		{A9D459E4-6522-4854-9905-8F8877E22764}.Debug|x64.ActiveCfg = Debug|Any CPU
		{A9D459E4-6522-4854-9905-8F8877E22764}.Debug|x64.Build.0 = Debug|Any CPU
		{A9D459E4-6522-4854-9905-8F8877E22764}.Debug|x86.ActiveCfg = Debug|Any CPU
		{A9D459E4-6522-4854-9905-8F8877E22764}.Debug|x86.Build.0 = Debug|Any CPU
		{A9D459E4-6522-4854-9905-8F8877E22764}.Release|Any CPU.ActiveCfg = Release|Any CPU
		{A9D459E4-6522-4854-9905-8F8877E22764}.Release|Any CPU.Build.0 = Release|Any CPU
		{A9D459E4-6522-4854-9905-8F8877E22764}.Release|x64.ActiveCfg = Release|Any CPU
		{A9D459E4-6522-4854-9905-8F8877E22764}.Release|x64.Build.0 = Release|Any CPU
		{A9D459E4-6522-4854-9905-8F8877E22764}.Release|x86.ActiveCfg = Release|Any CPU
		{A9D459E4-6522-4854-9905-8F8877E22764}.Release|x86.Build.0 = Release|Any CPU
		{4D476D48-F909-4EBD-9485-575B40B2E43C}.Debug|Any CPU.ActiveCfg = Debug|Any CPU
		{4D476D48-F909-4EBD-9485-575B40B2E43C}.Debug|Any CPU.Build.0 = Debug|Any CPU
		{4D476D48-F909-4EBD-9485-575B40B2E43C}.Debug|x64.ActiveCfg = Debug|Any CPU
		{4D476D48-F909-4EBD-9485-575B40B2E43C}.Debug|x64.Build.0 = Debug|Any CPU
		{4D476D48-F909-4EBD-9485-575B40B2E43C}.Debug|x86.ActiveCfg = Debug|Any CPU
		{4D476D48-F909-4EBD-9485-575B40B2E43C}.Debug|x86.Build.0 = Debug|Any CPU
		{4D476D48-F909-4EBD-9485-575B40B2E43C}.Release|Any CPU.ActiveCfg = Release|Any CPU
		{4D476D48-F909-4EBD-9485-575B40B2E43C}.Release|Any CPU.Build.0 = Release|Any CPU
		{4D476D48-F909-4EBD-9485-575B40B2E43C}.Release|x64.ActiveCfg = Release|Any CPU
		{4D476D48-F909-4EBD-9485-575B40B2E43C}.Release|x64.Build.0 = Release|Any CPU
		{4D476D48-F909-4EBD-9485-575B40B2E43C}.Release|x86.ActiveCfg = Release|Any CPU
		{4D476D48-F909-4EBD-9485-575B40B2E43C}.Release|x86.Build.0 = Release|Any CPU
		{71AD91EB-1245-4E83-975B-2D13B3C54786}.Debug|Any CPU.ActiveCfg = Debug|Any CPU
		{71AD91EB-1245-4E83-975B-2D13B3C54786}.Debug|Any CPU.Build.0 = Debug|Any CPU
		{71AD91EB-1245-4E83-975B-2D13B3C54786}.Debug|x64.ActiveCfg = Debug|Any CPU
		{71AD91EB-1245-4E83-975B-2D13B3C54786}.Debug|x64.Build.0 = Debug|Any CPU
		{71AD91EB-1245-4E83-975B-2D13B3C54786}.Debug|x86.ActiveCfg = Debug|Any CPU
		{71AD91EB-1245-4E83-975B-2D13B3C54786}.Debug|x86.Build.0 = Debug|Any CPU
		{71AD91EB-1245-4E83-975B-2D13B3C54786}.Release|Any CPU.ActiveCfg = Release|Any CPU
		{71AD91EB-1245-4E83-975B-2D13B3C54786}.Release|Any CPU.Build.0 = Release|Any CPU
		{71AD91EB-1245-4E83-975B-2D13B3C54786}.Release|x64.ActiveCfg = Release|Any CPU
		{71AD91EB-1245-4E83-975B-2D13B3C54786}.Release|x64.Build.0 = Release|Any CPU
		{71AD91EB-1245-4E83-975B-2D13B3C54786}.Release|x86.ActiveCfg = Release|Any CPU
		{71AD91EB-1245-4E83-975B-2D13B3C54786}.Release|x86.Build.0 = Release|Any CPU
		{FE1B1211-A329-41DA-9C6B-F10C9E5A29B1}.Debug|Any CPU.ActiveCfg = Debug|Any CPU
		{FE1B1211-A329-41DA-9C6B-F10C9E5A29B1}.Debug|Any CPU.Build.0 = Debug|Any CPU
		{FE1B1211-A329-41DA-9C6B-F10C9E5A29B1}.Debug|x64.ActiveCfg = Debug|Any CPU
		{FE1B1211-A329-41DA-9C6B-F10C9E5A29B1}.Debug|x64.Build.0 = Debug|Any CPU
		{FE1B1211-A329-41DA-9C6B-F10C9E5A29B1}.Debug|x86.ActiveCfg = Debug|Any CPU
		{FE1B1211-A329-41DA-9C6B-F10C9E5A29B1}.Debug|x86.Build.0 = Debug|Any CPU
		{FE1B1211-A329-41DA-9C6B-F10C9E5A29B1}.Release|Any CPU.ActiveCfg = Release|Any CPU
		{FE1B1211-A329-41DA-9C6B-F10C9E5A29B1}.Release|Any CPU.Build.0 = Release|Any CPU
		{FE1B1211-A329-41DA-9C6B-F10C9E5A29B1}.Release|x64.ActiveCfg = Release|Any CPU
		{FE1B1211-A329-41DA-9C6B-F10C9E5A29B1}.Release|x64.Build.0 = Release|Any CPU
		{FE1B1211-A329-41DA-9C6B-F10C9E5A29B1}.Release|x86.ActiveCfg = Release|Any CPU
		{FE1B1211-A329-41DA-9C6B-F10C9E5A29B1}.Release|x86.Build.0 = Release|Any CPU
		{F363A926-4E0B-470A-B1F1-760478BC6566}.Debug|Any CPU.ActiveCfg = Debug|Any CPU
		{F363A926-4E0B-470A-B1F1-760478BC6566}.Debug|Any CPU.Build.0 = Debug|Any CPU
		{F363A926-4E0B-470A-B1F1-760478BC6566}.Debug|x64.ActiveCfg = Debug|Any CPU
		{F363A926-4E0B-470A-B1F1-760478BC6566}.Debug|x64.Build.0 = Debug|Any CPU
		{F363A926-4E0B-470A-B1F1-760478BC6566}.Debug|x86.ActiveCfg = Debug|Any CPU
		{F363A926-4E0B-470A-B1F1-760478BC6566}.Debug|x86.Build.0 = Debug|Any CPU
		{F363A926-4E0B-470A-B1F1-760478BC6566}.Release|Any CPU.ActiveCfg = Release|Any CPU
		{F363A926-4E0B-470A-B1F1-760478BC6566}.Release|Any CPU.Build.0 = Release|Any CPU
		{F363A926-4E0B-470A-B1F1-760478BC6566}.Release|x64.ActiveCfg = Release|Any CPU
		{F363A926-4E0B-470A-B1F1-760478BC6566}.Release|x64.Build.0 = Release|Any CPU
		{F363A926-4E0B-470A-B1F1-760478BC6566}.Release|x86.ActiveCfg = Release|Any CPU
		{F363A926-4E0B-470A-B1F1-760478BC6566}.Release|x86.Build.0 = Release|Any CPU
		{2A9EA220-A028-4CB7-8A39-FFAB041F0E7C}.Debug|Any CPU.ActiveCfg = Debug|Any CPU
		{2A9EA220-A028-4CB7-8A39-FFAB041F0E7C}.Debug|Any CPU.Build.0 = Debug|Any CPU
		{2A9EA220-A028-4CB7-8A39-FFAB041F0E7C}.Debug|x64.ActiveCfg = Debug|Any CPU
		{2A9EA220-A028-4CB7-8A39-FFAB041F0E7C}.Debug|x64.Build.0 = Debug|Any CPU
		{2A9EA220-A028-4CB7-8A39-FFAB041F0E7C}.Debug|x86.ActiveCfg = Debug|Any CPU
		{2A9EA220-A028-4CB7-8A39-FFAB041F0E7C}.Debug|x86.Build.0 = Debug|Any CPU
		{2A9EA220-A028-4CB7-8A39-FFAB041F0E7C}.Release|Any CPU.ActiveCfg = Release|Any CPU
		{2A9EA220-A028-4CB7-8A39-FFAB041F0E7C}.Release|Any CPU.Build.0 = Release|Any CPU
		{2A9EA220-A028-4CB7-8A39-FFAB041F0E7C}.Release|x64.ActiveCfg = Release|Any CPU
		{2A9EA220-A028-4CB7-8A39-FFAB041F0E7C}.Release|x64.Build.0 = Release|Any CPU
		{2A9EA220-A028-4CB7-8A39-FFAB041F0E7C}.Release|x86.ActiveCfg = Release|Any CPU
		{2A9EA220-A028-4CB7-8A39-FFAB041F0E7C}.Release|x86.Build.0 = Release|Any CPU
		{FD5ADBC8-34CD-4A06-AE01-CFC7D520A810}.Debug|Any CPU.ActiveCfg = Debug|Any CPU
		{FD5ADBC8-34CD-4A06-AE01-CFC7D520A810}.Debug|Any CPU.Build.0 = Debug|Any CPU
		{FD5ADBC8-34CD-4A06-AE01-CFC7D520A810}.Debug|x64.ActiveCfg = Debug|Any CPU
		{FD5ADBC8-34CD-4A06-AE01-CFC7D520A810}.Debug|x64.Build.0 = Debug|Any CPU
		{FD5ADBC8-34CD-4A06-AE01-CFC7D520A810}.Debug|x86.ActiveCfg = Debug|Any CPU
		{FD5ADBC8-34CD-4A06-AE01-CFC7D520A810}.Debug|x86.Build.0 = Debug|Any CPU
		{FD5ADBC8-34CD-4A06-AE01-CFC7D520A810}.Release|Any CPU.ActiveCfg = Release|Any CPU
		{FD5ADBC8-34CD-4A06-AE01-CFC7D520A810}.Release|Any CPU.Build.0 = Release|Any CPU
		{FD5ADBC8-34CD-4A06-AE01-CFC7D520A810}.Release|x64.ActiveCfg = Release|Any CPU
		{FD5ADBC8-34CD-4A06-AE01-CFC7D520A810}.Release|x64.Build.0 = Release|Any CPU
		{FD5ADBC8-34CD-4A06-AE01-CFC7D520A810}.Release|x86.ActiveCfg = Release|Any CPU
		{FD5ADBC8-34CD-4A06-AE01-CFC7D520A810}.Release|x86.Build.0 = Release|Any CPU
		{29143025-4B2B-4332-9214-79EF3B6A5CA7}.Debug|Any CPU.ActiveCfg = Debug|Any CPU
		{29143025-4B2B-4332-9214-79EF3B6A5CA7}.Debug|Any CPU.Build.0 = Debug|Any CPU
		{29143025-4B2B-4332-9214-79EF3B6A5CA7}.Debug|x64.ActiveCfg = Debug|Any CPU
		{29143025-4B2B-4332-9214-79EF3B6A5CA7}.Debug|x64.Build.0 = Debug|Any CPU
		{29143025-4B2B-4332-9214-79EF3B6A5CA7}.Debug|x86.ActiveCfg = Debug|Any CPU
		{29143025-4B2B-4332-9214-79EF3B6A5CA7}.Debug|x86.Build.0 = Debug|Any CPU
		{29143025-4B2B-4332-9214-79EF3B6A5CA7}.Release|Any CPU.ActiveCfg = Release|Any CPU
		{29143025-4B2B-4332-9214-79EF3B6A5CA7}.Release|Any CPU.Build.0 = Release|Any CPU
		{29143025-4B2B-4332-9214-79EF3B6A5CA7}.Release|x64.ActiveCfg = Release|Any CPU
		{29143025-4B2B-4332-9214-79EF3B6A5CA7}.Release|x64.Build.0 = Release|Any CPU
		{29143025-4B2B-4332-9214-79EF3B6A5CA7}.Release|x86.ActiveCfg = Release|Any CPU
		{29143025-4B2B-4332-9214-79EF3B6A5CA7}.Release|x86.Build.0 = Release|Any CPU
		{3EE2F0A5-541C-4F2C-BF3F-6B4C86B2094F}.Debug|Any CPU.ActiveCfg = Debug|Any CPU
		{3EE2F0A5-541C-4F2C-BF3F-6B4C86B2094F}.Debug|Any CPU.Build.0 = Debug|Any CPU
		{3EE2F0A5-541C-4F2C-BF3F-6B4C86B2094F}.Debug|x64.ActiveCfg = Debug|Any CPU
		{3EE2F0A5-541C-4F2C-BF3F-6B4C86B2094F}.Debug|x64.Build.0 = Debug|Any CPU
		{3EE2F0A5-541C-4F2C-BF3F-6B4C86B2094F}.Debug|x86.ActiveCfg = Debug|Any CPU
		{3EE2F0A5-541C-4F2C-BF3F-6B4C86B2094F}.Debug|x86.Build.0 = Debug|Any CPU
		{3EE2F0A5-541C-4F2C-BF3F-6B4C86B2094F}.Release|Any CPU.ActiveCfg = Release|Any CPU
		{3EE2F0A5-541C-4F2C-BF3F-6B4C86B2094F}.Release|Any CPU.Build.0 = Release|Any CPU
		{3EE2F0A5-541C-4F2C-BF3F-6B4C86B2094F}.Release|x64.ActiveCfg = Release|Any CPU
		{3EE2F0A5-541C-4F2C-BF3F-6B4C86B2094F}.Release|x64.Build.0 = Release|Any CPU
		{3EE2F0A5-541C-4F2C-BF3F-6B4C86B2094F}.Release|x86.ActiveCfg = Release|Any CPU
		{3EE2F0A5-541C-4F2C-BF3F-6B4C86B2094F}.Release|x86.Build.0 = Release|Any CPU
		{60F5B8A6-05DB-40CF-AFB6-F79C74380B5D}.Debug|Any CPU.ActiveCfg = Debug|Any CPU
		{60F5B8A6-05DB-40CF-AFB6-F79C74380B5D}.Debug|Any CPU.Build.0 = Debug|Any CPU
		{60F5B8A6-05DB-40CF-AFB6-F79C74380B5D}.Debug|x64.ActiveCfg = Debug|Any CPU
		{60F5B8A6-05DB-40CF-AFB6-F79C74380B5D}.Debug|x64.Build.0 = Debug|Any CPU
		{60F5B8A6-05DB-40CF-AFB6-F79C74380B5D}.Debug|x86.ActiveCfg = Debug|Any CPU
		{60F5B8A6-05DB-40CF-AFB6-F79C74380B5D}.Debug|x86.Build.0 = Debug|Any CPU
		{60F5B8A6-05DB-40CF-AFB6-F79C74380B5D}.Release|Any CPU.ActiveCfg = Release|Any CPU
		{60F5B8A6-05DB-40CF-AFB6-F79C74380B5D}.Release|Any CPU.Build.0 = Release|Any CPU
		{60F5B8A6-05DB-40CF-AFB6-F79C74380B5D}.Release|x64.ActiveCfg = Release|Any CPU
		{60F5B8A6-05DB-40CF-AFB6-F79C74380B5D}.Release|x64.Build.0 = Release|Any CPU
		{60F5B8A6-05DB-40CF-AFB6-F79C74380B5D}.Release|x86.ActiveCfg = Release|Any CPU
		{60F5B8A6-05DB-40CF-AFB6-F79C74380B5D}.Release|x86.Build.0 = Release|Any CPU
		{D9CF4D5A-4C42-4F44-A436-478297ED27FF}.Debug|Any CPU.ActiveCfg = Debug|Any CPU
		{D9CF4D5A-4C42-4F44-A436-478297ED27FF}.Debug|Any CPU.Build.0 = Debug|Any CPU
		{D9CF4D5A-4C42-4F44-A436-478297ED27FF}.Debug|x64.ActiveCfg = Debug|Any CPU
		{D9CF4D5A-4C42-4F44-A436-478297ED27FF}.Debug|x64.Build.0 = Debug|Any CPU
		{D9CF4D5A-4C42-4F44-A436-478297ED27FF}.Debug|x86.ActiveCfg = Debug|Any CPU
		{D9CF4D5A-4C42-4F44-A436-478297ED27FF}.Debug|x86.Build.0 = Debug|Any CPU
		{D9CF4D5A-4C42-4F44-A436-478297ED27FF}.Release|Any CPU.ActiveCfg = Release|Any CPU
		{D9CF4D5A-4C42-4F44-A436-478297ED27FF}.Release|Any CPU.Build.0 = Release|Any CPU
		{D9CF4D5A-4C42-4F44-A436-478297ED27FF}.Release|x64.ActiveCfg = Release|Any CPU
		{D9CF4D5A-4C42-4F44-A436-478297ED27FF}.Release|x64.Build.0 = Release|Any CPU
		{D9CF4D5A-4C42-4F44-A436-478297ED27FF}.Release|x86.ActiveCfg = Release|Any CPU
		{D9CF4D5A-4C42-4F44-A436-478297ED27FF}.Release|x86.Build.0 = Release|Any CPU
		{063147AD-1099-4308-A5E0-7F182A0F92DA}.Debug|Any CPU.ActiveCfg = Debug|Any CPU
		{063147AD-1099-4308-A5E0-7F182A0F92DA}.Debug|Any CPU.Build.0 = Debug|Any CPU
		{063147AD-1099-4308-A5E0-7F182A0F92DA}.Debug|x64.ActiveCfg = Debug|Any CPU
		{063147AD-1099-4308-A5E0-7F182A0F92DA}.Debug|x64.Build.0 = Debug|Any CPU
		{063147AD-1099-4308-A5E0-7F182A0F92DA}.Debug|x86.ActiveCfg = Debug|Any CPU
		{063147AD-1099-4308-A5E0-7F182A0F92DA}.Debug|x86.Build.0 = Debug|Any CPU
		{063147AD-1099-4308-A5E0-7F182A0F92DA}.Release|Any CPU.ActiveCfg = Release|Any CPU
		{063147AD-1099-4308-A5E0-7F182A0F92DA}.Release|Any CPU.Build.0 = Release|Any CPU
		{063147AD-1099-4308-A5E0-7F182A0F92DA}.Release|x64.ActiveCfg = Release|Any CPU
		{063147AD-1099-4308-A5E0-7F182A0F92DA}.Release|x64.Build.0 = Release|Any CPU
		{063147AD-1099-4308-A5E0-7F182A0F92DA}.Release|x86.ActiveCfg = Release|Any CPU
		{063147AD-1099-4308-A5E0-7F182A0F92DA}.Release|x86.Build.0 = Release|Any CPU
		{5C2BBC0B-73BB-4AE8-BEDA-69955637D996}.Debug|Any CPU.ActiveCfg = Debug|Any CPU
		{5C2BBC0B-73BB-4AE8-BEDA-69955637D996}.Debug|Any CPU.Build.0 = Debug|Any CPU
		{5C2BBC0B-73BB-4AE8-BEDA-69955637D996}.Debug|x64.ActiveCfg = Debug|Any CPU
		{5C2BBC0B-73BB-4AE8-BEDA-69955637D996}.Debug|x64.Build.0 = Debug|Any CPU
		{5C2BBC0B-73BB-4AE8-BEDA-69955637D996}.Debug|x86.ActiveCfg = Debug|Any CPU
		{5C2BBC0B-73BB-4AE8-BEDA-69955637D996}.Debug|x86.Build.0 = Debug|Any CPU
		{5C2BBC0B-73BB-4AE8-BEDA-69955637D996}.Release|Any CPU.ActiveCfg = Release|Any CPU
		{5C2BBC0B-73BB-4AE8-BEDA-69955637D996}.Release|Any CPU.Build.0 = Release|Any CPU
		{5C2BBC0B-73BB-4AE8-BEDA-69955637D996}.Release|x64.ActiveCfg = Release|Any CPU
		{5C2BBC0B-73BB-4AE8-BEDA-69955637D996}.Release|x64.Build.0 = Release|Any CPU
		{5C2BBC0B-73BB-4AE8-BEDA-69955637D996}.Release|x86.ActiveCfg = Release|Any CPU
		{5C2BBC0B-73BB-4AE8-BEDA-69955637D996}.Release|x86.Build.0 = Release|Any CPU
		{2C1CCAC7-E557-4522-BCBA-5BAACCDE5590}.Debug|Any CPU.ActiveCfg = Debug|Any CPU
		{2C1CCAC7-E557-4522-BCBA-5BAACCDE5590}.Debug|Any CPU.Build.0 = Debug|Any CPU
		{2C1CCAC7-E557-4522-BCBA-5BAACCDE5590}.Debug|x64.ActiveCfg = Debug|Any CPU
		{2C1CCAC7-E557-4522-BCBA-5BAACCDE5590}.Debug|x64.Build.0 = Debug|Any CPU
		{2C1CCAC7-E557-4522-BCBA-5BAACCDE5590}.Debug|x86.ActiveCfg = Debug|Any CPU
		{2C1CCAC7-E557-4522-BCBA-5BAACCDE5590}.Debug|x86.Build.0 = Debug|Any CPU
		{2C1CCAC7-E557-4522-BCBA-5BAACCDE5590}.Release|Any CPU.ActiveCfg = Release|Any CPU
		{2C1CCAC7-E557-4522-BCBA-5BAACCDE5590}.Release|Any CPU.Build.0 = Release|Any CPU
		{2C1CCAC7-E557-4522-BCBA-5BAACCDE5590}.Release|x64.ActiveCfg = Release|Any CPU
		{2C1CCAC7-E557-4522-BCBA-5BAACCDE5590}.Release|x64.Build.0 = Release|Any CPU
		{2C1CCAC7-E557-4522-BCBA-5BAACCDE5590}.Release|x86.ActiveCfg = Release|Any CPU
		{2C1CCAC7-E557-4522-BCBA-5BAACCDE5590}.Release|x86.Build.0 = Release|Any CPU
		{3DB1ED03-1150-4DCA-8305-31A89D03C946}.Debug|Any CPU.ActiveCfg = Debug|Any CPU
		{3DB1ED03-1150-4DCA-8305-31A89D03C946}.Debug|Any CPU.Build.0 = Debug|Any CPU
		{3DB1ED03-1150-4DCA-8305-31A89D03C946}.Debug|x64.ActiveCfg = Debug|Any CPU
		{3DB1ED03-1150-4DCA-8305-31A89D03C946}.Debug|x64.Build.0 = Debug|Any CPU
		{3DB1ED03-1150-4DCA-8305-31A89D03C946}.Debug|x86.ActiveCfg = Debug|Any CPU
		{3DB1ED03-1150-4DCA-8305-31A89D03C946}.Debug|x86.Build.0 = Debug|Any CPU
		{3DB1ED03-1150-4DCA-8305-31A89D03C946}.Release|Any CPU.ActiveCfg = Release|Any CPU
		{3DB1ED03-1150-4DCA-8305-31A89D03C946}.Release|Any CPU.Build.0 = Release|Any CPU
		{3DB1ED03-1150-4DCA-8305-31A89D03C946}.Release|x64.ActiveCfg = Release|Any CPU
		{3DB1ED03-1150-4DCA-8305-31A89D03C946}.Release|x64.Build.0 = Release|Any CPU
		{3DB1ED03-1150-4DCA-8305-31A89D03C946}.Release|x86.ActiveCfg = Release|Any CPU
		{3DB1ED03-1150-4DCA-8305-31A89D03C946}.Release|x86.Build.0 = Release|Any CPU
		{0C937504-F905-4DC5-B6E6-45A5C7560DE7}.Debug|Any CPU.ActiveCfg = Debug|Any CPU
		{0C937504-F905-4DC5-B6E6-45A5C7560DE7}.Debug|Any CPU.Build.0 = Debug|Any CPU
		{0C937504-F905-4DC5-B6E6-45A5C7560DE7}.Debug|x64.ActiveCfg = Debug|Any CPU
		{0C937504-F905-4DC5-B6E6-45A5C7560DE7}.Debug|x64.Build.0 = Debug|Any CPU
		{0C937504-F905-4DC5-B6E6-45A5C7560DE7}.Debug|x86.ActiveCfg = Debug|Any CPU
		{0C937504-F905-4DC5-B6E6-45A5C7560DE7}.Debug|x86.Build.0 = Debug|Any CPU
		{0C937504-F905-4DC5-B6E6-45A5C7560DE7}.Release|Any CPU.ActiveCfg = Release|Any CPU
		{0C937504-F905-4DC5-B6E6-45A5C7560DE7}.Release|Any CPU.Build.0 = Release|Any CPU
		{0C937504-F905-4DC5-B6E6-45A5C7560DE7}.Release|x64.ActiveCfg = Release|Any CPU
		{0C937504-F905-4DC5-B6E6-45A5C7560DE7}.Release|x64.Build.0 = Release|Any CPU
		{0C937504-F905-4DC5-B6E6-45A5C7560DE7}.Release|x86.ActiveCfg = Release|Any CPU
		{0C937504-F905-4DC5-B6E6-45A5C7560DE7}.Release|x86.Build.0 = Release|Any CPU
		{917C59C8-974C-4122-BC57-6C853F36F472}.Debug|Any CPU.ActiveCfg = Debug|Any CPU
		{917C59C8-974C-4122-BC57-6C853F36F472}.Debug|Any CPU.Build.0 = Debug|Any CPU
		{917C59C8-974C-4122-BC57-6C853F36F472}.Debug|x64.ActiveCfg = Debug|Any CPU
		{917C59C8-974C-4122-BC57-6C853F36F472}.Debug|x64.Build.0 = Debug|Any CPU
		{917C59C8-974C-4122-BC57-6C853F36F472}.Debug|x86.ActiveCfg = Debug|Any CPU
		{917C59C8-974C-4122-BC57-6C853F36F472}.Debug|x86.Build.0 = Debug|Any CPU
		{917C59C8-974C-4122-BC57-6C853F36F472}.Release|Any CPU.ActiveCfg = Release|Any CPU
		{917C59C8-974C-4122-BC57-6C853F36F472}.Release|Any CPU.Build.0 = Release|Any CPU
		{917C59C8-974C-4122-BC57-6C853F36F472}.Release|x64.ActiveCfg = Release|Any CPU
		{917C59C8-974C-4122-BC57-6C853F36F472}.Release|x64.Build.0 = Release|Any CPU
		{917C59C8-974C-4122-BC57-6C853F36F472}.Release|x86.ActiveCfg = Release|Any CPU
		{917C59C8-974C-4122-BC57-6C853F36F472}.Release|x86.Build.0 = Release|Any CPU
		{63DAAAE0-8018-42FF-A3FE-EB1B4F775260}.Debug|Any CPU.ActiveCfg = Debug|Any CPU
		{63DAAAE0-8018-42FF-A3FE-EB1B4F775260}.Debug|Any CPU.Build.0 = Debug|Any CPU
		{63DAAAE0-8018-42FF-A3FE-EB1B4F775260}.Debug|x64.ActiveCfg = Debug|Any CPU
		{63DAAAE0-8018-42FF-A3FE-EB1B4F775260}.Debug|x64.Build.0 = Debug|Any CPU
		{63DAAAE0-8018-42FF-A3FE-EB1B4F775260}.Debug|x86.ActiveCfg = Debug|Any CPU
		{63DAAAE0-8018-42FF-A3FE-EB1B4F775260}.Debug|x86.Build.0 = Debug|Any CPU
		{63DAAAE0-8018-42FF-A3FE-EB1B4F775260}.Release|Any CPU.ActiveCfg = Release|Any CPU
		{63DAAAE0-8018-42FF-A3FE-EB1B4F775260}.Release|Any CPU.Build.0 = Release|Any CPU
		{63DAAAE0-8018-42FF-A3FE-EB1B4F775260}.Release|x64.ActiveCfg = Release|Any CPU
		{63DAAAE0-8018-42FF-A3FE-EB1B4F775260}.Release|x64.Build.0 = Release|Any CPU
		{63DAAAE0-8018-42FF-A3FE-EB1B4F775260}.Release|x86.ActiveCfg = Release|Any CPU
		{63DAAAE0-8018-42FF-A3FE-EB1B4F775260}.Release|x86.Build.0 = Release|Any CPU
		{126B6954-9425-4666-AFB5-B5C1AAF678DB}.Debug|Any CPU.ActiveCfg = Debug|Any CPU
		{126B6954-9425-4666-AFB5-B5C1AAF678DB}.Debug|Any CPU.Build.0 = Debug|Any CPU
		{126B6954-9425-4666-AFB5-B5C1AAF678DB}.Debug|x64.ActiveCfg = Debug|Any CPU
		{126B6954-9425-4666-AFB5-B5C1AAF678DB}.Debug|x64.Build.0 = Debug|Any CPU
		{126B6954-9425-4666-AFB5-B5C1AAF678DB}.Debug|x86.ActiveCfg = Debug|Any CPU
		{126B6954-9425-4666-AFB5-B5C1AAF678DB}.Debug|x86.Build.0 = Debug|Any CPU
		{126B6954-9425-4666-AFB5-B5C1AAF678DB}.Release|Any CPU.ActiveCfg = Release|Any CPU
		{126B6954-9425-4666-AFB5-B5C1AAF678DB}.Release|Any CPU.Build.0 = Release|Any CPU
		{126B6954-9425-4666-AFB5-B5C1AAF678DB}.Release|x64.ActiveCfg = Release|Any CPU
		{126B6954-9425-4666-AFB5-B5C1AAF678DB}.Release|x64.Build.0 = Release|Any CPU
		{126B6954-9425-4666-AFB5-B5C1AAF678DB}.Release|x86.ActiveCfg = Release|Any CPU
		{126B6954-9425-4666-AFB5-B5C1AAF678DB}.Release|x86.Build.0 = Release|Any CPU
	EndGlobalSection
	GlobalSection(SolutionProperties) = preSolution
		HideSolutionNode = FALSE
	EndGlobalSection
	GlobalSection(NestedProjects) = preSolution
		{4D476D48-F909-4EBD-9485-575B40B2E43C} = {C372191B-855D-4611-BC61-3A2DC6378CDF}
		{71AD91EB-1245-4E83-975B-2D13B3C54786} = {C372191B-855D-4611-BC61-3A2DC6378CDF}
		{FE1B1211-A329-41DA-9C6B-F10C9E5A29B1} = {C372191B-855D-4611-BC61-3A2DC6378CDF}
		{2A9EA220-A028-4CB7-8A39-FFAB041F0E7C} = {C372191B-855D-4611-BC61-3A2DC6378CDF}
		{FD5ADBC8-34CD-4A06-AE01-CFC7D520A810} = {C372191B-855D-4611-BC61-3A2DC6378CDF}
		{29143025-4B2B-4332-9214-79EF3B6A5CA7} = {C372191B-855D-4611-BC61-3A2DC6378CDF}
		{3EE2F0A5-541C-4F2C-BF3F-6B4C86B2094F} = {C372191B-855D-4611-BC61-3A2DC6378CDF}
		{60F5B8A6-05DB-40CF-AFB6-F79C74380B5D} = {C372191B-855D-4611-BC61-3A2DC6378CDF}
		{D9CF4D5A-4C42-4F44-A436-478297ED27FF} = {C372191B-855D-4611-BC61-3A2DC6378CDF}
		{063147AD-1099-4308-A5E0-7F182A0F92DA} = {C372191B-855D-4611-BC61-3A2DC6378CDF}
		{2C1CCAC7-E557-4522-BCBA-5BAACCDE5590} = {C372191B-855D-4611-BC61-3A2DC6378CDF}
		{3DB1ED03-1150-4DCA-8305-31A89D03C946} = {C372191B-855D-4611-BC61-3A2DC6378CDF}
		{0C937504-F905-4DC5-B6E6-45A5C7560DE7} = {C372191B-855D-4611-BC61-3A2DC6378CDF}
		{63DAAAE0-8018-42FF-A3FE-EB1B4F775260} = {C372191B-855D-4611-BC61-3A2DC6378CDF}
		{126B6954-9425-4666-AFB5-B5C1AAF678DB} = {C372191B-855D-4611-BC61-3A2DC6378CDF}
	EndGlobalSection
	GlobalSection(ExtensibilityGlobals) = postSolution
		SolutionGuid = {A57BEDDD-45C5-4298-86B4-FC01AC01A5A6}
	EndGlobalSection
EndGlobal
