
Microsoft Visual Studio Solution File, Format Version 12.00
# Visual Studio Version 17
VisualStudioVersion = 17.2.32630.192
MinimumVisualStudioVersion = 10.0.40219.1
Project("{9A19103F-16F7-4668-BE54-9A1E7A4F7556}") = "R5T.D0077.Base", "R5T.D0077.Base\R5T.D0077.Base.csproj", "{30C1E19B-8FE6-4433-9703-EA03CDEC74A8}"
EndProject
Project("{9A19103F-16F7-4668-BE54-9A1E7A4F7556}") = "R5T.D0077.Default", "R5T.D0077.Default\R5T.D0077.Default.csproj", "{A9D459E4-6522-4854-9905-8F8877E22764}"
EndProject
Project("{2150E333-8FDC-42A3-9474-1A3956D46DE8}") = "_Dependencies", "_Dependencies", "{C372191B-855D-4611-BC61-3A2DC6378CDF}"
EndProject
Project("{9A19103F-16F7-4668-BE54-9A1E7A4F7556}") = "R5T.Dacia", "..\..\R5T.Dacia\source\R5T.Dacia\R5T.Dacia.csproj", "{4D476D48-F909-4EBD-9485-575B40B2E43C}"
EndProject
Project("{9A19103F-16F7-4668-BE54-9A1E7A4F7556}") = "R5T.Dacia.Extensions", "..\..\R5T.Dacia.Extensions\source\R5T.Dacia.Extensions\R5T.Dacia.Extensions.csproj", "{71AD91EB-1245-4E83-975B-2D13B3C54786}"
EndProject
Project("{9A19103F-16F7-4668-BE54-9A1E7A4F7556}") = "R5T.D0076.Base", "..\..\R5T.D0076\source\R5T.D0076.Base\R5T.D0076.Base.csproj", "{FE1B1211-A329-41DA-9C6B-F10C9E5A29B1}"
EndProject
Project("{9A19103F-16F7-4668-BE54-9A1E7A4F7556}") = "R5T.Magyar", "..\..\R5T.Magyar\source\R5T.Magyar\R5T.Magyar.csproj", "{FD5ADBC8-34CD-4A06-AE01-CFC7D520A810}"
EndProject
Project("{9A19103F-16F7-4668-BE54-9A1E7A4F7556}") = "R5T.T0021", "..\..\R5T.T0021\source\R5T.T0021\R5T.T0021.csproj", "{3DB1ED03-1150-4DCA-8305-31A89D03C946}"
EndProject
Project("{9A19103F-16F7-4668-BE54-9A1E7A4F7556}") = "R5T.D0077.Default.I001", "R5T.D0077.Default.I001\R5T.D0077.Default.I001.csproj", "{AE5FFBB0-CD55-4152-9A6E-C9EBDD3E44AE}"
EndProject
Project("{9A19103F-16F7-4668-BE54-9A1E7A4F7556}") = "R5T.D0077.A002", "R5T.D0077.A002\R5T.D0077.A002.csproj", "{309B7200-48BE-4D1A-A475-B60DFBB27ADC}"
EndProject
Project("{9A19103F-16F7-4668-BE54-9A1E7A4F7556}") = "R5T.T0064", "..\..\R5T.T0064\source\R5T.T0064\R5T.T0064.csproj", "{3050497A-5844-497B-83BD-B387A9161510}"
EndProject
Project("{2150E333-8FDC-42A3-9474-1A3956D46DE8}") = "Solution Items", "Solution Items", "{4850CBE7-A7FF-497E-92E7-7C6008178FE0}"
	ProjectSection(SolutionItems) = preProject
		.editorconfig = .editorconfig
	EndProjectSection
EndProject
Project("{9A19103F-16F7-4668-BE54-9A1E7A4F7556}") = "R5T.L0013", "..\..\R5T.L0013\source\R5T.L0013\R5T.L0013.csproj", "{3D3B14F1-BFDA-47C9-8FA6-CCF339EEF420}"
EndProject
Project("{9A19103F-16F7-4668-BE54-9A1E7A4F7556}") = "R5T.L0019.X001", "..\..\R5T.L0019\source\R5T.L0019.X001\R5T.L0019.X001.csproj", "{13826D16-0402-45CC-B762-8085E2A6DAC2}"
EndProject
Project("{9A19103F-16F7-4668-BE54-9A1E7A4F7556}") = "R5T.L0019", "..\..\R5T.L0019\source\R5T.L0019\R5T.L0019.csproj", "{250FFAE5-994C-4C28-92D7-F81292A03C87}"
EndProject
Project("{9A19103F-16F7-4668-BE54-9A1E7A4F7556}") = "R5T.Suebia.Base", "..\..\R5T.Suebia\source\R5T.Suebia.Base\R5T.Suebia.Base.csproj", "{C2D11A58-38D0-48B3-A8A9-9E03196768BA}"
EndProject
Project("{9A19103F-16F7-4668-BE54-9A1E7A4F7556}") = "R5T.T0039.T002", "..\..\R5T.T0039\source\R5T.T0039.T002\R5T.T0039.T002.csproj", "{A70650D1-C2B5-4577-A713-76ADBA7CB527}"
EndProject
Project("{9A19103F-16F7-4668-BE54-9A1E7A4F7556}") = "R5T.T0062.X001", "..\..\R5T.T0062\source\R5T.T0062.X001\R5T.T0062.X001.csproj", "{5BFCEFAE-E171-4086-86F2-D8A03E5A7C56}"
EndProject
Project("{9A19103F-16F7-4668-BE54-9A1E7A4F7556}") = "R5T.T0062", "..\..\R5T.T0062\source\R5T.T0062\R5T.T0062.csproj", "{B30E2375-5B1B-415D-8826-CBCD7246A289}"
EndProject
Project("{9A19103F-16F7-4668-BE54-9A1E7A4F7556}") = "R5T.T0063", "..\..\R5T.T0063\source\R5T.T0063\R5T.T0063.csproj", "{3C110EFA-E911-4E77-A88B-747DDEDD5FB3}"
EndProject
Project("{9A19103F-16F7-4668-BE54-9A1E7A4F7556}") = "R5T.T0143", "..\..\R5T.T0143\source\R5T.T0143\R5T.T0143.csproj", "{E1C395FB-4D5C-462C-AFD8-DE5399D8A675}"
EndProject
Global
	GlobalSection(NestedProjects) = preSolution
		{4D476D48-F909-4EBD-9485-575B40B2E43C} = {C372191B-855D-4611-BC61-3A2DC6378CDF}
		{71AD91EB-1245-4E83-975B-2D13B3C54786} = {C372191B-855D-4611-BC61-3A2DC6378CDF}
		{FE1B1211-A329-41DA-9C6B-F10C9E5A29B1} = {C372191B-855D-4611-BC61-3A2DC6378CDF}
		{FD5ADBC8-34CD-4A06-AE01-CFC7D520A810} = {C372191B-855D-4611-BC61-3A2DC6378CDF}
		{3DB1ED03-1150-4DCA-8305-31A89D03C946} = {C372191B-855D-4611-BC61-3A2DC6378CDF}
		{3050497A-5844-497B-83BD-B387A9161510} = {C372191B-855D-4611-BC61-3A2DC6378CDF}
		{3D3B14F1-BFDA-47C9-8FA6-CCF339EEF420} = {C372191B-855D-4611-BC61-3A2DC6378CDF}
		{13826D16-0402-45CC-B762-8085E2A6DAC2} = {C372191B-855D-4611-BC61-3A2DC6378CDF}
		{250FFAE5-994C-4C28-92D7-F81292A03C87} = {C372191B-855D-4611-BC61-3A2DC6378CDF}
		{C2D11A58-38D0-48B3-A8A9-9E03196768BA} = {C372191B-855D-4611-BC61-3A2DC6378CDF}
		{A70650D1-C2B5-4577-A713-76ADBA7CB527} = {C372191B-855D-4611-BC61-3A2DC6378CDF}
		{5BFCEFAE-E171-4086-86F2-D8A03E5A7C56} = {C372191B-855D-4611-BC61-3A2DC6378CDF}
		{B30E2375-5B1B-415D-8826-CBCD7246A289} = {C372191B-855D-4611-BC61-3A2DC6378CDF}
		{3C110EFA-E911-4E77-A88B-747DDEDD5FB3} = {C372191B-855D-4611-BC61-3A2DC6378CDF}
		{E1C395FB-4D5C-462C-AFD8-DE5399D8A675} = {C372191B-855D-4611-BC61-3A2DC6378CDF}
	EndGlobalSection
	GlobalSection(SolutionConfigurationPlatforms) = preSolution
		Debug|Any CPU = Debug|Any CPU
		Debug|x64 = Debug|x64
		Debug|x86 = Debug|x86
		Release|Any CPU = Release|Any CPU
		Release|x64 = Release|x64
		Release|x86 = Release|x86
	EndGlobalSection
	GlobalSection(ProjectConfigurationPlatforms) = postSolution
		{30C1E19B-8FE6-4433-9703-EA03CDEC74A8}.Debug|Any CPU.ActiveCfg = Debug|Any CPU
		{30C1E19B-8FE6-4433-9703-EA03CDEC74A8}.Debug|Any CPU.Build.0 = Debug|Any CPU
		{30C1E19B-8FE6-4433-9703-EA03CDEC74A8}.Debug|x64.ActiveCfg = Debug|Any CPU
		{30C1E19B-8FE6-4433-9703-EA03CDEC74A8}.Debug|x64.Build.0 = Debug|Any CPU
		{30C1E19B-8FE6-4433-9703-EA03CDEC74A8}.Debug|x86.ActiveCfg = Debug|Any CPU
		{30C1E19B-8FE6-4433-9703-EA03CDEC74A8}.Debug|x86.Build.0 = Debug|Any CPU
		{30C1E19B-8FE6-4433-9703-EA03CDEC74A8}.Release|Any CPU.ActiveCfg = Release|Any CPU
		{30C1E19B-8FE6-4433-9703-EA03CDEC74A8}.Release|Any CPU.Build.0 = Release|Any CPU
		{30C1E19B-8FE6-4433-9703-EA03CDEC74A8}.Release|x64.ActiveCfg = Release|Any CPU
		{30C1E19B-8FE6-4433-9703-EA03CDEC74A8}.Release|x64.Build.0 = Release|Any CPU
		{30C1E19B-8FE6-4433-9703-EA03CDEC74A8}.Release|x86.ActiveCfg = Release|Any CPU
		{30C1E19B-8FE6-4433-9703-EA03CDEC74A8}.Release|x86.Build.0 = Release|Any CPU
		{A9D459E4-6522-4854-9905-8F8877E22764}.Debug|Any CPU.ActiveCfg = Debug|Any CPU
		{A9D459E4-6522-4854-9905-8F8877E22764}.Debug|Any CPU.Build.0 = Debug|Any CPU
		{A9D459E4-6522-4854-9905-8F8877E22764}.Debug|x64.ActiveCfg = Debug|Any CPU
		{A9D459E4-6522-4854-9905-8F8877E22764}.Debug|x64.Build.0 = Debug|Any CPU
		{A9D459E4-6522-4854-9905-8F8877E22764}.Debug|x86.ActiveCfg = Debug|Any CPU
		{A9D459E4-6522-4854-9905-8F8877E22764}.Debug|x86.Build.0 = Debug|Any CPU
		{A9D459E4-6522-4854-9905-8F8877E22764}.Release|Any CPU.ActiveCfg = Release|Any CPU
		{A9D459E4-6522-4854-9905-8F8877E22764}.Release|Any CPU.Build.0 = Release|Any CPU
		{A9D459E4-6522-4854-9905-8F8877E22764}.Release|x64.ActiveCfg = Release|Any CPU
		{A9D459E4-6522-4854-9905-8F8877E22764}.Release|x64.Build.0 = Release|Any CPU
		{A9D459E4-6522-4854-9905-8F8877E22764}.Release|x86.ActiveCfg = Release|Any CPU
		{A9D459E4-6522-4854-9905-8F8877E22764}.Release|x86.Build.0 = Release|Any CPU
		{4D476D48-F909-4EBD-9485-575B40B2E43C}.Debug|Any CPU.ActiveCfg = Debug|Any CPU
		{4D476D48-F909-4EBD-9485-575B40B2E43C}.Debug|Any CPU.Build.0 = Debug|Any CPU
		{4D476D48-F909-4EBD-9485-575B40B2E43C}.Debug|x64.ActiveCfg = Debug|Any CPU
		{4D476D48-F909-4EBD-9485-575B40B2E43C}.Debug|x64.Build.0 = Debug|Any CPU
		{4D476D48-F909-4EBD-9485-575B40B2E43C}.Debug|x86.ActiveCfg = Debug|Any CPU
		{4D476D48-F909-4EBD-9485-575B40B2E43C}.Debug|x86.Build.0 = Debug|Any CPU
		{4D476D48-F909-4EBD-9485-575B40B2E43C}.Release|Any CPU.ActiveCfg = Release|Any CPU
		{4D476D48-F909-4EBD-9485-575B40B2E43C}.Release|Any CPU.Build.0 = Release|Any CPU
		{4D476D48-F909-4EBD-9485-575B40B2E43C}.Release|x64.ActiveCfg = Release|Any CPU
		{4D476D48-F909-4EBD-9485-575B40B2E43C}.Release|x64.Build.0 = Release|Any CPU
		{4D476D48-F909-4EBD-9485-575B40B2E43C}.Release|x86.ActiveCfg = Release|Any CPU
		{4D476D48-F909-4EBD-9485-575B40B2E43C}.Release|x86.Build.0 = Release|Any CPU
		{71AD91EB-1245-4E83-975B-2D13B3C54786}.Debug|Any CPU.ActiveCfg = Debug|Any CPU
		{71AD91EB-1245-4E83-975B-2D13B3C54786}.Debug|Any CPU.Build.0 = Debug|Any CPU
		{71AD91EB-1245-4E83-975B-2D13B3C54786}.Debug|x64.ActiveCfg = Debug|Any CPU
		{71AD91EB-1245-4E83-975B-2D13B3C54786}.Debug|x64.Build.0 = Debug|Any CPU
		{71AD91EB-1245-4E83-975B-2D13B3C54786}.Debug|x86.ActiveCfg = Debug|Any CPU
		{71AD91EB-1245-4E83-975B-2D13B3C54786}.Debug|x86.Build.0 = Debug|Any CPU
		{71AD91EB-1245-4E83-975B-2D13B3C54786}.Release|Any CPU.ActiveCfg = Release|Any CPU
		{71AD91EB-1245-4E83-975B-2D13B3C54786}.Release|Any CPU.Build.0 = Release|Any CPU
		{71AD91EB-1245-4E83-975B-2D13B3C54786}.Release|x64.ActiveCfg = Release|Any CPU
		{71AD91EB-1245-4E83-975B-2D13B3C54786}.Release|x64.Build.0 = Release|Any CPU
		{71AD91EB-1245-4E83-975B-2D13B3C54786}.Release|x86.ActiveCfg = Release|Any CPU
		{71AD91EB-1245-4E83-975B-2D13B3C54786}.Release|x86.Build.0 = Release|Any CPU
		{FE1B1211-A329-41DA-9C6B-F10C9E5A29B1}.Debug|Any CPU.ActiveCfg = Debug|Any CPU
		{FE1B1211-A329-41DA-9C6B-F10C9E5A29B1}.Debug|Any CPU.Build.0 = Debug|Any CPU
		{FE1B1211-A329-41DA-9C6B-F10C9E5A29B1}.Debug|x64.ActiveCfg = Debug|Any CPU
		{FE1B1211-A329-41DA-9C6B-F10C9E5A29B1}.Debug|x64.Build.0 = Debug|Any CPU
		{FE1B1211-A329-41DA-9C6B-F10C9E5A29B1}.Debug|x86.ActiveCfg = Debug|Any CPU
		{FE1B1211-A329-41DA-9C6B-F10C9E5A29B1}.Debug|x86.Build.0 = Debug|Any CPU
		{FE1B1211-A329-41DA-9C6B-F10C9E5A29B1}.Release|Any CPU.ActiveCfg = Release|Any CPU
		{FE1B1211-A329-41DA-9C6B-F10C9E5A29B1}.Release|Any CPU.Build.0 = Release|Any CPU
		{FE1B1211-A329-41DA-9C6B-F10C9E5A29B1}.Release|x64.ActiveCfg = Release|Any CPU
		{FE1B1211-A329-41DA-9C6B-F10C9E5A29B1}.Release|x64.Build.0 = Release|Any CPU
		{FE1B1211-A329-41DA-9C6B-F10C9E5A29B1}.Release|x86.ActiveCfg = Release|Any CPU
		{FE1B1211-A329-41DA-9C6B-F10C9E5A29B1}.Release|x86.Build.0 = Release|Any CPU
		{FD5ADBC8-34CD-4A06-AE01-CFC7D520A810}.Debug|Any CPU.ActiveCfg = Debug|Any CPU
		{FD5ADBC8-34CD-4A06-AE01-CFC7D520A810}.Debug|Any CPU.Build.0 = Debug|Any CPU
		{FD5ADBC8-34CD-4A06-AE01-CFC7D520A810}.Debug|x64.ActiveCfg = Debug|Any CPU
		{FD5ADBC8-34CD-4A06-AE01-CFC7D520A810}.Debug|x64.Build.0 = Debug|Any CPU
		{FD5ADBC8-34CD-4A06-AE01-CFC7D520A810}.Debug|x86.ActiveCfg = Debug|Any CPU
		{FD5ADBC8-34CD-4A06-AE01-CFC7D520A810}.Debug|x86.Build.0 = Debug|Any CPU
		{FD5ADBC8-34CD-4A06-AE01-CFC7D520A810}.Release|Any CPU.ActiveCfg = Release|Any CPU
		{FD5ADBC8-34CD-4A06-AE01-CFC7D520A810}.Release|Any CPU.Build.0 = Release|Any CPU
		{FD5ADBC8-34CD-4A06-AE01-CFC7D520A810}.Release|x64.ActiveCfg = Release|Any CPU
		{FD5ADBC8-34CD-4A06-AE01-CFC7D520A810}.Release|x64.Build.0 = Release|Any CPU
		{FD5ADBC8-34CD-4A06-AE01-CFC7D520A810}.Release|x86.ActiveCfg = Release|Any CPU
		{FD5ADBC8-34CD-4A06-AE01-CFC7D520A810}.Release|x86.Build.0 = Release|Any CPU
		{3DB1ED03-1150-4DCA-8305-31A89D03C946}.Debug|Any CPU.ActiveCfg = Debug|Any CPU
		{3DB1ED03-1150-4DCA-8305-31A89D03C946}.Debug|Any CPU.Build.0 = Debug|Any CPU
		{3DB1ED03-1150-4DCA-8305-31A89D03C946}.Debug|x64.ActiveCfg = Debug|Any CPU
		{3DB1ED03-1150-4DCA-8305-31A89D03C946}.Debug|x64.Build.0 = Debug|Any CPU
		{3DB1ED03-1150-4DCA-8305-31A89D03C946}.Debug|x86.ActiveCfg = Debug|Any CPU
		{3DB1ED03-1150-4DCA-8305-31A89D03C946}.Debug|x86.Build.0 = Debug|Any CPU
		{3DB1ED03-1150-4DCA-8305-31A89D03C946}.Release|Any CPU.ActiveCfg = Release|Any CPU
		{3DB1ED03-1150-4DCA-8305-31A89D03C946}.Release|Any CPU.Build.0 = Release|Any CPU
		{3DB1ED03-1150-4DCA-8305-31A89D03C946}.Release|x64.ActiveCfg = Release|Any CPU
		{3DB1ED03-1150-4DCA-8305-31A89D03C946}.Release|x64.Build.0 = Release|Any CPU
		{3DB1ED03-1150-4DCA-8305-31A89D03C946}.Release|x86.ActiveCfg = Release|Any CPU
		{3DB1ED03-1150-4DCA-8305-31A89D03C946}.Release|x86.Build.0 = Release|Any CPU
		{AE5FFBB0-CD55-4152-9A6E-C9EBDD3E44AE}.Debug|Any CPU.ActiveCfg = Debug|Any CPU
		{AE5FFBB0-CD55-4152-9A6E-C9EBDD3E44AE}.Debug|Any CPU.Build.0 = Debug|Any CPU
		{AE5FFBB0-CD55-4152-9A6E-C9EBDD3E44AE}.Debug|x64.ActiveCfg = Debug|Any CPU
		{AE5FFBB0-CD55-4152-9A6E-C9EBDD3E44AE}.Debug|x64.Build.0 = Debug|Any CPU
		{AE5FFBB0-CD55-4152-9A6E-C9EBDD3E44AE}.Debug|x86.ActiveCfg = Debug|Any CPU
		{AE5FFBB0-CD55-4152-9A6E-C9EBDD3E44AE}.Debug|x86.Build.0 = Debug|Any CPU
		{AE5FFBB0-CD55-4152-9A6E-C9EBDD3E44AE}.Release|Any CPU.ActiveCfg = Release|Any CPU
		{AE5FFBB0-CD55-4152-9A6E-C9EBDD3E44AE}.Release|Any CPU.Build.0 = Release|Any CPU
		{AE5FFBB0-CD55-4152-9A6E-C9EBDD3E44AE}.Release|x64.ActiveCfg = Release|Any CPU
		{AE5FFBB0-CD55-4152-9A6E-C9EBDD3E44AE}.Release|x64.Build.0 = Release|Any CPU
		{AE5FFBB0-CD55-4152-9A6E-C9EBDD3E44AE}.Release|x86.ActiveCfg = Release|Any CPU
		{AE5FFBB0-CD55-4152-9A6E-C9EBDD3E44AE}.Release|x86.Build.0 = Release|Any CPU
		{309B7200-48BE-4D1A-A475-B60DFBB27ADC}.Debug|Any CPU.ActiveCfg = Debug|Any CPU
		{309B7200-48BE-4D1A-A475-B60DFBB27ADC}.Debug|Any CPU.Build.0 = Debug|Any CPU
		{309B7200-48BE-4D1A-A475-B60DFBB27ADC}.Debug|x64.ActiveCfg = Debug|Any CPU
		{309B7200-48BE-4D1A-A475-B60DFBB27ADC}.Debug|x64.Build.0 = Debug|Any CPU
		{309B7200-48BE-4D1A-A475-B60DFBB27ADC}.Debug|x86.ActiveCfg = Debug|Any CPU
		{309B7200-48BE-4D1A-A475-B60DFBB27ADC}.Debug|x86.Build.0 = Debug|Any CPU
		{309B7200-48BE-4D1A-A475-B60DFBB27ADC}.Release|Any CPU.ActiveCfg = Release|Any CPU
		{309B7200-48BE-4D1A-A475-B60DFBB27ADC}.Release|Any CPU.Build.0 = Release|Any CPU
		{309B7200-48BE-4D1A-A475-B60DFBB27ADC}.Release|x64.ActiveCfg = Release|Any CPU
		{309B7200-48BE-4D1A-A475-B60DFBB27ADC}.Release|x64.Build.0 = Release|Any CPU
		{309B7200-48BE-4D1A-A475-B60DFBB27ADC}.Release|x86.ActiveCfg = Release|Any CPU
		{309B7200-48BE-4D1A-A475-B60DFBB27ADC}.Release|x86.Build.0 = Release|Any CPU
		{3050497A-5844-497B-83BD-B387A9161510}.Debug|Any CPU.ActiveCfg = Debug|Any CPU
		{3050497A-5844-497B-83BD-B387A9161510}.Debug|Any CPU.Build.0 = Debug|Any CPU
		{3050497A-5844-497B-83BD-B387A9161510}.Debug|x64.ActiveCfg = Debug|Any CPU
		{3050497A-5844-497B-83BD-B387A9161510}.Debug|x64.Build.0 = Debug|Any CPU
		{3050497A-5844-497B-83BD-B387A9161510}.Debug|x86.ActiveCfg = Debug|Any CPU
		{3050497A-5844-497B-83BD-B387A9161510}.Debug|x86.Build.0 = Debug|Any CPU
		{3050497A-5844-497B-83BD-B387A9161510}.Release|Any CPU.ActiveCfg = Release|Any CPU
		{3050497A-5844-497B-83BD-B387A9161510}.Release|Any CPU.Build.0 = Release|Any CPU
		{3050497A-5844-497B-83BD-B387A9161510}.Release|x64.ActiveCfg = Release|Any CPU
		{3050497A-5844-497B-83BD-B387A9161510}.Release|x64.Build.0 = Release|Any CPU
		{3050497A-5844-497B-83BD-B387A9161510}.Release|x86.ActiveCfg = Release|Any CPU
		{3050497A-5844-497B-83BD-B387A9161510}.Release|x86.Build.0 = Release|Any CPU
		{3D3B14F1-BFDA-47C9-8FA6-CCF339EEF420}.Debug|Any CPU.ActiveCfg = Debug|Any CPU
		{3D3B14F1-BFDA-47C9-8FA6-CCF339EEF420}.Debug|Any CPU.Build.0 = Debug|Any CPU
		{3D3B14F1-BFDA-47C9-8FA6-CCF339EEF420}.Debug|x64.ActiveCfg = Debug|Any CPU
		{3D3B14F1-BFDA-47C9-8FA6-CCF339EEF420}.Debug|x64.Build.0 = Debug|Any CPU
		{3D3B14F1-BFDA-47C9-8FA6-CCF339EEF420}.Debug|x86.ActiveCfg = Debug|Any CPU
		{3D3B14F1-BFDA-47C9-8FA6-CCF339EEF420}.Debug|x86.Build.0 = Debug|Any CPU
		{3D3B14F1-BFDA-47C9-8FA6-CCF339EEF420}.Release|Any CPU.ActiveCfg = Release|Any CPU
		{3D3B14F1-BFDA-47C9-8FA6-CCF339EEF420}.Release|Any CPU.Build.0 = Release|Any CPU
		{3D3B14F1-BFDA-47C9-8FA6-CCF339EEF420}.Release|x64.ActiveCfg = Release|Any CPU
		{3D3B14F1-BFDA-47C9-8FA6-CCF339EEF420}.Release|x64.Build.0 = Release|Any CPU
		{3D3B14F1-BFDA-47C9-8FA6-CCF339EEF420}.Release|x86.ActiveCfg = Release|Any CPU
		{3D3B14F1-BFDA-47C9-8FA6-CCF339EEF420}.Release|x86.Build.0 = Release|Any CPU
		{13826D16-0402-45CC-B762-8085E2A6DAC2}.Debug|Any CPU.ActiveCfg = Debug|Any CPU
		{13826D16-0402-45CC-B762-8085E2A6DAC2}.Debug|Any CPU.Build.0 = Debug|Any CPU
		{13826D16-0402-45CC-B762-8085E2A6DAC2}.Debug|x64.ActiveCfg = Debug|Any CPU
		{13826D16-0402-45CC-B762-8085E2A6DAC2}.Debug|x64.Build.0 = Debug|Any CPU
		{13826D16-0402-45CC-B762-8085E2A6DAC2}.Debug|x86.ActiveCfg = Debug|Any CPU
		{13826D16-0402-45CC-B762-8085E2A6DAC2}.Debug|x86.Build.0 = Debug|Any CPU
		{13826D16-0402-45CC-B762-8085E2A6DAC2}.Release|Any CPU.ActiveCfg = Release|Any CPU
		{13826D16-0402-45CC-B762-8085E2A6DAC2}.Release|Any CPU.Build.0 = Release|Any CPU
		{13826D16-0402-45CC-B762-8085E2A6DAC2}.Release|x64.ActiveCfg = Release|Any CPU
		{13826D16-0402-45CC-B762-8085E2A6DAC2}.Release|x64.Build.0 = Release|Any CPU
		{13826D16-0402-45CC-B762-8085E2A6DAC2}.Release|x86.ActiveCfg = Release|Any CPU
		{13826D16-0402-45CC-B762-8085E2A6DAC2}.Release|x86.Build.0 = Release|Any CPU
		{250FFAE5-994C-4C28-92D7-F81292A03C87}.Debug|Any CPU.ActiveCfg = Debug|Any CPU
		{250FFAE5-994C-4C28-92D7-F81292A03C87}.Debug|Any CPU.Build.0 = Debug|Any CPU
		{250FFAE5-994C-4C28-92D7-F81292A03C87}.Debug|x64.ActiveCfg = Debug|Any CPU
		{250FFAE5-994C-4C28-92D7-F81292A03C87}.Debug|x64.Build.0 = Debug|Any CPU
		{250FFAE5-994C-4C28-92D7-F81292A03C87}.Debug|x86.ActiveCfg = Debug|Any CPU
		{250FFAE5-994C-4C28-92D7-F81292A03C87}.Debug|x86.Build.0 = Debug|Any CPU
		{250FFAE5-994C-4C28-92D7-F81292A03C87}.Release|Any CPU.ActiveCfg = Release|Any CPU
		{250FFAE5-994C-4C28-92D7-F81292A03C87}.Release|Any CPU.Build.0 = Release|Any CPU
		{250FFAE5-994C-4C28-92D7-F81292A03C87}.Release|x64.ActiveCfg = Release|Any CPU
		{250FFAE5-994C-4C28-92D7-F81292A03C87}.Release|x64.Build.0 = Release|Any CPU
		{250FFAE5-994C-4C28-92D7-F81292A03C87}.Release|x86.ActiveCfg = Release|Any CPU
		{250FFAE5-994C-4C28-92D7-F81292A03C87}.Release|x86.Build.0 = Release|Any CPU
		{C2D11A58-38D0-48B3-A8A9-9E03196768BA}.Debug|Any CPU.ActiveCfg = Debug|Any CPU
		{C2D11A58-38D0-48B3-A8A9-9E03196768BA}.Debug|Any CPU.Build.0 = Debug|Any CPU
		{C2D11A58-38D0-48B3-A8A9-9E03196768BA}.Debug|x64.ActiveCfg = Debug|Any CPU
		{C2D11A58-38D0-48B3-A8A9-9E03196768BA}.Debug|x64.Build.0 = Debug|Any CPU
		{C2D11A58-38D0-48B3-A8A9-9E03196768BA}.Debug|x86.ActiveCfg = Debug|Any CPU
		{C2D11A58-38D0-48B3-A8A9-9E03196768BA}.Debug|x86.Build.0 = Debug|Any CPU
		{C2D11A58-38D0-48B3-A8A9-9E03196768BA}.Release|Any CPU.ActiveCfg = Release|Any CPU
		{C2D11A58-38D0-48B3-A8A9-9E03196768BA}.Release|Any CPU.Build.0 = Release|Any CPU
		{C2D11A58-38D0-48B3-A8A9-9E03196768BA}.Release|x64.ActiveCfg = Release|Any CPU
		{C2D11A58-38D0-48B3-A8A9-9E03196768BA}.Release|x64.Build.0 = Release|Any CPU
		{C2D11A58-38D0-48B3-A8A9-9E03196768BA}.Release|x86.ActiveCfg = Release|Any CPU
		{C2D11A58-38D0-48B3-A8A9-9E03196768BA}.Release|x86.Build.0 = Release|Any CPU
		{A70650D1-C2B5-4577-A713-76ADBA7CB527}.Debug|Any CPU.ActiveCfg = Debug|Any CPU
		{A70650D1-C2B5-4577-A713-76ADBA7CB527}.Debug|Any CPU.Build.0 = Debug|Any CPU
		{A70650D1-C2B5-4577-A713-76ADBA7CB527}.Debug|x64.ActiveCfg = Debug|Any CPU
		{A70650D1-C2B5-4577-A713-76ADBA7CB527}.Debug|x64.Build.0 = Debug|Any CPU
		{A70650D1-C2B5-4577-A713-76ADBA7CB527}.Debug|x86.ActiveCfg = Debug|Any CPU
		{A70650D1-C2B5-4577-A713-76ADBA7CB527}.Debug|x86.Build.0 = Debug|Any CPU
		{A70650D1-C2B5-4577-A713-76ADBA7CB527}.Release|Any CPU.ActiveCfg = Release|Any CPU
		{A70650D1-C2B5-4577-A713-76ADBA7CB527}.Release|Any CPU.Build.0 = Release|Any CPU
		{A70650D1-C2B5-4577-A713-76ADBA7CB527}.Release|x64.ActiveCfg = Release|Any CPU
		{A70650D1-C2B5-4577-A713-76ADBA7CB527}.Release|x64.Build.0 = Release|Any CPU
		{A70650D1-C2B5-4577-A713-76ADBA7CB527}.Release|x86.ActiveCfg = Release|Any CPU
		{A70650D1-C2B5-4577-A713-76ADBA7CB527}.Release|x86.Build.0 = Release|Any CPU
		{5BFCEFAE-E171-4086-86F2-D8A03E5A7C56}.Debug|Any CPU.ActiveCfg = Debug|Any CPU
		{5BFCEFAE-E171-4086-86F2-D8A03E5A7C56}.Debug|Any CPU.Build.0 = Debug|Any CPU
		{5BFCEFAE-E171-4086-86F2-D8A03E5A7C56}.Debug|x64.ActiveCfg = Debug|Any CPU
		{5BFCEFAE-E171-4086-86F2-D8A03E5A7C56}.Debug|x64.Build.0 = Debug|Any CPU
		{5BFCEFAE-E171-4086-86F2-D8A03E5A7C56}.Debug|x86.ActiveCfg = Debug|Any CPU
		{5BFCEFAE-E171-4086-86F2-D8A03E5A7C56}.Debug|x86.Build.0 = Debug|Any CPU
		{5BFCEFAE-E171-4086-86F2-D8A03E5A7C56}.Release|Any CPU.ActiveCfg = Release|Any CPU
		{5BFCEFAE-E171-4086-86F2-D8A03E5A7C56}.Release|Any CPU.Build.0 = Release|Any CPU
		{5BFCEFAE-E171-4086-86F2-D8A03E5A7C56}.Release|x64.ActiveCfg = Release|Any CPU
		{5BFCEFAE-E171-4086-86F2-D8A03E5A7C56}.Release|x64.Build.0 = Release|Any CPU
		{5BFCEFAE-E171-4086-86F2-D8A03E5A7C56}.Release|x86.ActiveCfg = Release|Any CPU
		{5BFCEFAE-E171-4086-86F2-D8A03E5A7C56}.Release|x86.Build.0 = Release|Any CPU
		{B30E2375-5B1B-415D-8826-CBCD7246A289}.Debug|Any CPU.ActiveCfg = Debug|Any CPU
		{B30E2375-5B1B-415D-8826-CBCD7246A289}.Debug|Any CPU.Build.0 = Debug|Any CPU
		{B30E2375-5B1B-415D-8826-CBCD7246A289}.Debug|x64.ActiveCfg = Debug|Any CPU
		{B30E2375-5B1B-415D-8826-CBCD7246A289}.Debug|x64.Build.0 = Debug|Any CPU
		{B30E2375-5B1B-415D-8826-CBCD7246A289}.Debug|x86.ActiveCfg = Debug|Any CPU
		{B30E2375-5B1B-415D-8826-CBCD7246A289}.Debug|x86.Build.0 = Debug|Any CPU
		{B30E2375-5B1B-415D-8826-CBCD7246A289}.Release|Any CPU.ActiveCfg = Release|Any CPU
		{B30E2375-5B1B-415D-8826-CBCD7246A289}.Release|Any CPU.Build.0 = Release|Any CPU
		{B30E2375-5B1B-415D-8826-CBCD7246A289}.Release|x64.ActiveCfg = Release|Any CPU
		{B30E2375-5B1B-415D-8826-CBCD7246A289}.Release|x64.Build.0 = Release|Any CPU
		{B30E2375-5B1B-415D-8826-CBCD7246A289}.Release|x86.ActiveCfg = Release|Any CPU
		{B30E2375-5B1B-415D-8826-CBCD7246A289}.Release|x86.Build.0 = Release|Any CPU
		{3C110EFA-E911-4E77-A88B-747DDEDD5FB3}.Debug|Any CPU.ActiveCfg = Debug|Any CPU
		{3C110EFA-E911-4E77-A88B-747DDEDD5FB3}.Debug|Any CPU.Build.0 = Debug|Any CPU
		{3C110EFA-E911-4E77-A88B-747DDEDD5FB3}.Debug|x64.ActiveCfg = Debug|Any CPU
		{3C110EFA-E911-4E77-A88B-747DDEDD5FB3}.Debug|x64.Build.0 = Debug|Any CPU
		{3C110EFA-E911-4E77-A88B-747DDEDD5FB3}.Debug|x86.ActiveCfg = Debug|Any CPU
		{3C110EFA-E911-4E77-A88B-747DDEDD5FB3}.Debug|x86.Build.0 = Debug|Any CPU
		{3C110EFA-E911-4E77-A88B-747DDEDD5FB3}.Release|Any CPU.ActiveCfg = Release|Any CPU
		{3C110EFA-E911-4E77-A88B-747DDEDD5FB3}.Release|Any CPU.Build.0 = Release|Any CPU
		{3C110EFA-E911-4E77-A88B-747DDEDD5FB3}.Release|x64.ActiveCfg = Release|Any CPU
		{3C110EFA-E911-4E77-A88B-747DDEDD5FB3}.Release|x64.Build.0 = Release|Any CPU
		{3C110EFA-E911-4E77-A88B-747DDEDD5FB3}.Release|x86.ActiveCfg = Release|Any CPU
		{3C110EFA-E911-4E77-A88B-747DDEDD5FB3}.Release|x86.Build.0 = Release|Any CPU
		{E1C395FB-4D5C-462C-AFD8-DE5399D8A675}.Debug|Any CPU.ActiveCfg = Debug|Any CPU
		{E1C395FB-4D5C-462C-AFD8-DE5399D8A675}.Debug|Any CPU.Build.0 = Debug|Any CPU
		{E1C395FB-4D5C-462C-AFD8-DE5399D8A675}.Debug|x64.ActiveCfg = Debug|Any CPU
		{E1C395FB-4D5C-462C-AFD8-DE5399D8A675}.Debug|x64.Build.0 = Debug|Any CPU
		{E1C395FB-4D5C-462C-AFD8-DE5399D8A675}.Debug|x86.ActiveCfg = Debug|Any CPU
		{E1C395FB-4D5C-462C-AFD8-DE5399D8A675}.Debug|x86.Build.0 = Debug|Any CPU
		{E1C395FB-4D5C-462C-AFD8-DE5399D8A675}.Release|Any CPU.ActiveCfg = Release|Any CPU
		{E1C395FB-4D5C-462C-AFD8-DE5399D8A675}.Release|Any CPU.Build.0 = Release|Any CPU
		{E1C395FB-4D5C-462C-AFD8-DE5399D8A675}.Release|x64.ActiveCfg = Release|Any CPU
		{E1C395FB-4D5C-462C-AFD8-DE5399D8A675}.Release|x64.Build.0 = Release|Any CPU
		{E1C395FB-4D5C-462C-AFD8-DE5399D8A675}.Release|x86.ActiveCfg = Release|Any CPU
		{E1C395FB-4D5C-462C-AFD8-DE5399D8A675}.Release|x86.Build.0 = Release|Any CPU
	EndGlobalSection
	GlobalSection(SolutionProperties) = preSolution
		HideSolutionNode = FALSE
	EndGlobalSection
	GlobalSection(ExtensibilityGlobals) = postSolution
		SolutionGuid = {A57BEDDD-45C5-4298-86B4-FC01AC01A5A6}
	EndGlobalSection
EndGlobal
